
Microsoft Visual Studio Solution File, Format Version 12.00
# Visual Studio 2012
Project("{9344BDBB-3E7F-41FC-A0DD-8665D75EE146}") = "ServiceStackXS", "ServiceStackXS\ServiceStackXS.csproj", "{555B5243-E50E-4C60-AAB4-D789D44039C9}"
EndProject
Global
	GlobalSection(SolutionConfigurationPlatforms) = preSolution
		Debug|Any CPU = Debug|Any CPU
		Release|Any CPU = Release|Any CPU
	EndGlobalSection
	GlobalSection(ProjectConfigurationPlatforms) = postSolution
		{555B5243-E50E-4C60-AAB4-D789D44039C9}.Debug|Any CPU.ActiveCfg = Debug|Any CPU
		{555B5243-E50E-4C60-AAB4-D789D44039C9}.Debug|Any CPU.Build.0 = Debug|Any CPU
		{555B5243-E50E-4C60-AAB4-D789D44039C9}.Release|Any CPU.ActiveCfg = Release|Any CPU
		{555B5243-E50E-4C60-AAB4-D789D44039C9}.Release|Any CPU.Build.0 = Release|Any CPU
	EndGlobalSection
EndGlobal
