
Microsoft Visual Studio Solution File, Format Version 12.00
# Visual Studio 2013
VisualStudioVersion = 12.0.30501.0
MinimumVisualStudioVersion = 10.0.40219.1
Project("{FAE04EC0-301F-11D3-BF4B-00C04F79EFBC}") = "ServiceStack.CSharp.EmptyAspNetHost", "ServiceStack.CSharp.EmptyAspNetHost\ServiceStack.CSharp.EmptyAspNetHost.csproj", "{4389B305-B381-4B50-B1A8-BBB5259A0524}"
EndProject
Project("{FAE04EC0-301F-11D3-BF4B-00C04F79EFBC}") = "ServiceStack.CSharp.EmptyAspNetWithRazor", "ServiceStack.CSharp.EmptyAspNetWithRazor\ServiceStack.CSharp.EmptyAspNetWithRazor.csproj", "{35F9E9C2-6C13-40A0-A777-3DD681392C7B}"
EndProject
Project("{FAE04EC0-301F-11D3-BF4B-00C04F79EFBC}") = "ServiceStack.CSharp.EmptySelfHost", "ServiceStack.CSharp.EmptySelfHost\ServiceStack.CSharp.EmptySelfHost.csproj", "{CF36BF58-D08F-425A-9A6A-D0A86C506110}"
EndProject
Project("{FAE04EC0-301F-11D3-BF4B-00C04F79EFBC}") = "ServiceStack.CSharp.MVC", "ServiceStack.CSharp.MVC\ServiceStack.CSharp.MVC.csproj", "{630E8941-4A74-440C-837A-50059C8A39BA}"
EndProject
Global
	GlobalSection(SolutionConfigurationPlatforms) = preSolution
		Debug|Any CPU = Debug|Any CPU
		Release|Any CPU = Release|Any CPU
	EndGlobalSection
	GlobalSection(ProjectConfigurationPlatforms) = postSolution
		{4389B305-B381-4B50-B1A8-BBB5259A0524}.Debug|Any CPU.ActiveCfg = Debug|Any CPU
		{4389B305-B381-4B50-B1A8-BBB5259A0524}.Debug|Any CPU.Build.0 = Debug|Any CPU
		{4389B305-B381-4B50-B1A8-BBB5259A0524}.Release|Any CPU.ActiveCfg = Release|Any CPU
		{4389B305-B381-4B50-B1A8-BBB5259A0524}.Release|Any CPU.Build.0 = Release|Any CPU
		{35F9E9C2-6C13-40A0-A777-3DD681392C7B}.Debug|Any CPU.ActiveCfg = Debug|Any CPU
		{35F9E9C2-6C13-40A0-A777-3DD681392C7B}.Debug|Any CPU.Build.0 = Debug|Any CPU
		{35F9E9C2-6C13-40A0-A777-3DD681392C7B}.Release|Any CPU.ActiveCfg = Release|Any CPU
		{35F9E9C2-6C13-40A0-A777-3DD681392C7B}.Release|Any CPU.Build.0 = Release|Any CPU
		{CF36BF58-D08F-425A-9A6A-D0A86C506110}.Debug|Any CPU.ActiveCfg = Debug|Any CPU
		{CF36BF58-D08F-425A-9A6A-D0A86C506110}.Debug|Any CPU.Build.0 = Debug|Any CPU
		{CF36BF58-D08F-425A-9A6A-D0A86C506110}.Release|Any CPU.ActiveCfg = Release|Any CPU
		{CF36BF58-D08F-425A-9A6A-D0A86C506110}.Release|Any CPU.Build.0 = Release|Any CPU
		{630E8941-4A74-440C-837A-50059C8A39BA}.Debug|Any CPU.ActiveCfg = Debug|Any CPU
		{630E8941-4A74-440C-837A-50059C8A39BA}.Debug|Any CPU.Build.0 = Debug|Any CPU
		{630E8941-4A74-440C-837A-50059C8A39BA}.Release|Any CPU.ActiveCfg = Release|Any CPU
		{630E8941-4A74-440C-837A-50059C8A39BA}.Release|Any CPU.Build.0 = Release|Any CPU
	EndGlobalSection
	GlobalSection(SolutionProperties) = preSolution
		HideSolutionNode = FALSE
	EndGlobalSection
EndGlobal
