
Microsoft Visual Studio Solution File, Format Version 12.00
# Visual Studio 2012
Project("{FAE04EC0-301F-11D3-BF4B-00C04F79EFBC}") = "ServiceStackXS", "ServiceStackXS\ServiceStackXS.csproj", "{555B5243-E50E-4C60-AAB4-D789D44039C9}"
EndProject
Project("{FAE04EC0-301F-11D3-BF4B-00C04F79EFBC}") = "ServiceStackVS.NativeTypes", "ServiceStackVS.NativeTypes\ServiceStackVS.NativeTypes.csproj", "{73F59CBF-DCF5-4C5A-83AB-0B7FD2576AC5}"
EndProject
Global
	GlobalSection(SolutionConfigurationPlatforms) = preSolution
		Debug|x86 = Debug|x86
		Release|x86 = Release|x86
	EndGlobalSection
	GlobalSection(ProjectConfigurationPlatforms) = postSolution
		{555B5243-E50E-4C60-AAB4-D789D44039C9}.Debug|x86.ActiveCfg = Debug|x86
		{555B5243-E50E-4C60-AAB4-D789D44039C9}.Debug|x86.Build.0 = Debug|x86
		{555B5243-E50E-4C60-AAB4-D789D44039C9}.Release|x86.ActiveCfg = Release|x86
		{555B5243-E50E-4C60-AAB4-D789D44039C9}.Release|x86.Build.0 = Release|x86
		{73F59CBF-DCF5-4C5A-83AB-0B7FD2576AC5}.Debug|x86.ActiveCfg = Debug|Any CPU
		{73F59CBF-DCF5-4C5A-83AB-0B7FD2576AC5}.Debug|x86.Build.0 = Debug|Any CPU
		{73F59CBF-DCF5-4C5A-83AB-0B7FD2576AC5}.Release|x86.ActiveCfg = Release|Any CPU
		{73F59CBF-DCF5-4C5A-83AB-0B7FD2576AC5}.Release|x86.Build.0 = Release|Any CPU
	EndGlobalSection
	GlobalSection(MonoDevelopProperties) = preSolution
		StartupItem = ServiceStackXS\ServiceStackXS.csproj
	EndGlobalSection
EndGlobal
