
Microsoft Visual Studio Solution File, Format Version 12.00
# Visual Studio 2013
VisualStudioVersion = 12.0.31101.0
MinimumVisualStudioVersion = 10.0.40219.1
Project("{FAE04EC0-301F-11D3-BF4B-00C04F79EFBC}") = "ServiceStackVS", "ServiceStackVS\ServiceStackVS.csproj", "{05410BD6-C9BC-45DA-B0AA-B73047BCCF14}"
EndProject
Project("{FAE04EC0-301F-11D3-BF4B-00C04F79EFBC}") = "ServiceStackVS_IntegrationTests", "ServiceStackVS\VSServiceStack_IntegrationTests\ServiceStackVS_IntegrationTests.csproj", "{B82DD519-C1F9-4E50-915B-ED2D350C9020}"
EndProject
Project("{2150E333-8FDC-42A3-9474-1A3956D46DE8}") = "Solution Items", "Solution Items", "{524FA14C-C188-4A36-92FB-A92EBB1FA570}"
	ProjectSection(SolutionItems) = preProject
		IntegrationTests.testsettings = IntegrationTests.testsettings
		UnitTests.testsettings = UnitTests.testsettings
	EndProjectSection
EndProject
Project("{FAE04EC0-301F-11D3-BF4B-00C04F79EFBC}") = "ServiceStackVS_UnitTests", "ServiceStackVS\VSServiceStack_UnitTests\ServiceStackVS_UnitTests.csproj", "{CBF2528D-A52E-48B6-AC52-F67A77424CED}"
EndProject
Project("{FAE04EC0-301F-11D3-BF4B-00C04F79EFBC}") = "ServiceStackVS.NPMInstallerWizard", "ServiceStackVS.NPMInstallerWizard\ServiceStackVS.NPMInstallerWizard.csproj", "{F15D55C1-633A-4344-84E5-CE9C95988507}"
EndProject
Project("{FAE04EC0-301F-11D3-BF4B-00C04F79EFBC}") = "ServiceStackVS.NuGetInstallerWizard", "ServiceStackVS.NuGetInstallerWizard\ServiceStackVS.NuGetInstallerWizard.csproj", "{7344DA1C-9297-49FD-BE37-568A3C4AB544}"
EndProject
Project("{FAE04EC0-301F-11D3-BF4B-00C04F79EFBC}") = "ServiceStackVS.NativeTypes", "ServiceStackVS.NativeTypes\ServiceStackVS.NativeTypes.csproj", "{73F59CBF-DCF5-4C5A-83AB-0B7FD2576AC5}"
EndProject
Project("{FAE04EC0-301F-11D3-BF4B-00C04F79EFBC}") = "ServiceStackVS.TestUtility", "ServiceStackVS.TestUtility\ServiceStackVS.TestUtility.csproj", "{36B58306-4474-4519-9ED5-E446AB648A8E}"
EndProject
Project("{FAE04EC0-301F-11D3-BF4B-00C04F79EFBC}") = "ServiceStackVS.TemplateTests", "ServiceStackVS.TemplateTests\ServiceStackVS.TemplateTests.csproj", "{1933A6BA-3364-4F94-8015-1F029DCE9383}"
EndProject
Project("{FAE04EC0-301F-11D3-BF4B-00C04F79EFBC}") = "ServiceStackVS.NativeTypesWizard", "ServiceStackVS.NativeTypesWizard\ServiceStackVS.NativeTypesWizard.csproj", "{F5130CFD-C749-427E-A814-8115EEBDCA90}"
EndProject
Global
	GlobalSection(SolutionConfigurationPlatforms) = preSolution
		Debug|Any CPU = Debug|Any CPU
		Release|Any CPU = Release|Any CPU
	EndGlobalSection
	GlobalSection(ProjectConfigurationPlatforms) = postSolution
		{05410BD6-C9BC-45DA-B0AA-B73047BCCF14}.Debug|Any CPU.ActiveCfg = Debug|Any CPU
		{05410BD6-C9BC-45DA-B0AA-B73047BCCF14}.Debug|Any CPU.Build.0 = Debug|Any CPU
		{05410BD6-C9BC-45DA-B0AA-B73047BCCF14}.Release|Any CPU.ActiveCfg = Release|Any CPU
		{05410BD6-C9BC-45DA-B0AA-B73047BCCF14}.Release|Any CPU.Build.0 = Release|Any CPU
		{B82DD519-C1F9-4E50-915B-ED2D350C9020}.Debug|Any CPU.ActiveCfg = Debug|Any CPU
		{B82DD519-C1F9-4E50-915B-ED2D350C9020}.Debug|Any CPU.Build.0 = Debug|Any CPU
		{B82DD519-C1F9-4E50-915B-ED2D350C9020}.Release|Any CPU.ActiveCfg = Release|Any CPU
		{B82DD519-C1F9-4E50-915B-ED2D350C9020}.Release|Any CPU.Build.0 = Release|Any CPU
		{CBF2528D-A52E-48B6-AC52-F67A77424CED}.Debug|Any CPU.ActiveCfg = Debug|Any CPU
		{CBF2528D-A52E-48B6-AC52-F67A77424CED}.Debug|Any CPU.Build.0 = Debug|Any CPU
		{CBF2528D-A52E-48B6-AC52-F67A77424CED}.Release|Any CPU.ActiveCfg = Release|Any CPU
		{CBF2528D-A52E-48B6-AC52-F67A77424CED}.Release|Any CPU.Build.0 = Release|Any CPU
		{F15D55C1-633A-4344-84E5-CE9C95988507}.Debug|Any CPU.ActiveCfg = Debug|Any CPU
		{F15D55C1-633A-4344-84E5-CE9C95988507}.Debug|Any CPU.Build.0 = Debug|Any CPU
		{F15D55C1-633A-4344-84E5-CE9C95988507}.Release|Any CPU.ActiveCfg = Release|Any CPU
		{F15D55C1-633A-4344-84E5-CE9C95988507}.Release|Any CPU.Build.0 = Release|Any CPU
		{7344DA1C-9297-49FD-BE37-568A3C4AB544}.Debug|Any CPU.ActiveCfg = Debug|Any CPU
		{7344DA1C-9297-49FD-BE37-568A3C4AB544}.Debug|Any CPU.Build.0 = Debug|Any CPU
		{7344DA1C-9297-49FD-BE37-568A3C4AB544}.Release|Any CPU.ActiveCfg = Release|Any CPU
		{7344DA1C-9297-49FD-BE37-568A3C4AB544}.Release|Any CPU.Build.0 = Release|Any CPU
		{73F59CBF-DCF5-4C5A-83AB-0B7FD2576AC5}.Debug|Any CPU.ActiveCfg = Debug|Any CPU
		{73F59CBF-DCF5-4C5A-83AB-0B7FD2576AC5}.Debug|Any CPU.Build.0 = Debug|Any CPU
		{73F59CBF-DCF5-4C5A-83AB-0B7FD2576AC5}.Release|Any CPU.ActiveCfg = Release|Any CPU
		{73F59CBF-DCF5-4C5A-83AB-0B7FD2576AC5}.Release|Any CPU.Build.0 = Release|Any CPU
		{36B58306-4474-4519-9ED5-E446AB648A8E}.Debug|Any CPU.ActiveCfg = Debug|Any CPU
		{36B58306-4474-4519-9ED5-E446AB648A8E}.Debug|Any CPU.Build.0 = Debug|Any CPU
		{36B58306-4474-4519-9ED5-E446AB648A8E}.Release|Any CPU.ActiveCfg = Release|Any CPU
		{36B58306-4474-4519-9ED5-E446AB648A8E}.Release|Any CPU.Build.0 = Release|Any CPU
		{1933A6BA-3364-4F94-8015-1F029DCE9383}.Debug|Any CPU.ActiveCfg = Debug|Any CPU
		{1933A6BA-3364-4F94-8015-1F029DCE9383}.Debug|Any CPU.Build.0 = Debug|Any CPU
		{1933A6BA-3364-4F94-8015-1F029DCE9383}.Release|Any CPU.ActiveCfg = Release|Any CPU
		{1933A6BA-3364-4F94-8015-1F029DCE9383}.Release|Any CPU.Build.0 = Release|Any CPU
		{F5130CFD-C749-427E-A814-8115EEBDCA90}.Debug|Any CPU.ActiveCfg = Debug|Any CPU
		{F5130CFD-C749-427E-A814-8115EEBDCA90}.Debug|Any CPU.Build.0 = Debug|Any CPU
		{F5130CFD-C749-427E-A814-8115EEBDCA90}.Release|Any CPU.ActiveCfg = Release|Any CPU
		{F5130CFD-C749-427E-A814-8115EEBDCA90}.Release|Any CPU.Build.0 = Release|Any CPU
	EndGlobalSection
	GlobalSection(SolutionProperties) = preSolution
		HideSolutionNode = FALSE
	EndGlobalSection
EndGlobal
