
Microsoft Visual Studio Solution File, Format Version 12.00
# Visual Studio 2013
VisualStudioVersion = 12.0.31101.0
MinimumVisualStudioVersion = 10.0.40219.1
Project("{FAE04EC0-301F-11D3-BF4B-00C04F79EFBC}") = "ssutil-cli", "ssutil-cli\ssutil-cli.csproj", "{5FF7250B-ACB2-4F62-9E89-7525858FDA8D}"
EndProject
Project("{FAE04EC0-301F-11D3-BF4B-00C04F79EFBC}") = "ssutil-cli.Tests", "ssutil-cli.Tests\ssutil-cli.Tests.csproj", "{1616439E-72CF-4B97-8AB7-5804DE75B86D}"
EndProject
Project("{FAE04EC0-301F-11D3-BF4B-00C04F79EFBC}") = "ServiceStackVS.NativeTypes", "ServiceStackVS.NativeTypes\ServiceStackVS.NativeTypes.csproj", "{73F59CBF-DCF5-4C5A-83AB-0B7FD2576AC5}"
EndProject
Global
	GlobalSection(SolutionConfigurationPlatforms) = preSolution
		Debug|Any CPU = Debug|Any CPU
		Release|Any CPU = Release|Any CPU
	EndGlobalSection
	GlobalSection(ProjectConfigurationPlatforms) = postSolution
		{5FF7250B-ACB2-4F62-9E89-7525858FDA8D}.Debug|Any CPU.ActiveCfg = Debug|Any CPU
		{5FF7250B-ACB2-4F62-9E89-7525858FDA8D}.Debug|Any CPU.Build.0 = Debug|Any CPU
		{5FF7250B-ACB2-4F62-9E89-7525858FDA8D}.Release|Any CPU.ActiveCfg = Release|Any CPU
		{5FF7250B-ACB2-4F62-9E89-7525858FDA8D}.Release|Any CPU.Build.0 = Release|Any CPU
		{1616439E-72CF-4B97-8AB7-5804DE75B86D}.Debug|Any CPU.ActiveCfg = Debug|Any CPU
		{1616439E-72CF-4B97-8AB7-5804DE75B86D}.Debug|Any CPU.Build.0 = Debug|Any CPU
		{1616439E-72CF-4B97-8AB7-5804DE75B86D}.Release|Any CPU.ActiveCfg = Release|Any CPU
		{1616439E-72CF-4B97-8AB7-5804DE75B86D}.Release|Any CPU.Build.0 = Release|Any CPU
		{73F59CBF-DCF5-4C5A-83AB-0B7FD2576AC5}.Debug|Any CPU.ActiveCfg = Debug|Any CPU
		{73F59CBF-DCF5-4C5A-83AB-0B7FD2576AC5}.Debug|Any CPU.Build.0 = Debug|Any CPU
		{73F59CBF-DCF5-4C5A-83AB-0B7FD2576AC5}.Release|Any CPU.ActiveCfg = Release|Any CPU
		{73F59CBF-DCF5-4C5A-83AB-0B7FD2576AC5}.Release|Any CPU.Build.0 = Release|Any CPU
	EndGlobalSection
	GlobalSection(SolutionProperties) = preSolution
		HideSolutionNode = FALSE
	EndGlobalSection
EndGlobal
